
Microsoft Visual Studio Solution File, Format Version 12.00
# Visual Studio 15
VisualStudioVersion = 15.0.28307.902
MinimumVisualStudioVersion = 10.0.40219.1
Project("{FAE04EC0-301F-11D3-BF4B-00C04F79EFBC}") = "MuffinShopWPF", "MuffinShopWPF\MuffinShopWPF.csproj", "{D8C303FC-E790-4B1D-9ADA-232190FBC0DC}"
EndProject
Global
	GlobalSection(SolutionConfigurationPlatforms) = preSolution
		Debug|Any CPU = Debug|Any CPU
		Release|Any CPU = Release|Any CPU
	EndGlobalSection
	GlobalSection(ProjectConfigurationPlatforms) = postSolution
		{D8C303FC-E790-4B1D-9ADA-232190FBC0DC}.Debug|Any CPU.ActiveCfg = Debug|Any CPU
		{D8C303FC-E790-4B1D-9ADA-232190FBC0DC}.Debug|Any CPU.Build.0 = Debug|Any CPU
		{D8C303FC-E790-4B1D-9ADA-232190FBC0DC}.Release|Any CPU.ActiveCfg = Release|Any CPU
		{D8C303FC-E790-4B1D-9ADA-232190FBC0DC}.Release|Any CPU.Build.0 = Release|Any CPU
	EndGlobalSection
	GlobalSection(SolutionProperties) = preSolution
		HideSolutionNode = FALSE
	EndGlobalSection
	GlobalSection(ExtensibilityGlobals) = postSolution
		SolutionGuid = {95BDC854-BC2E-431E-AB87-01766807F91B}
	EndGlobalSection
EndGlobal
